
Microsoft Visual Studio Solution File, Format Version 12.00
# Visual Studio Version 17
VisualStudioVersion = 17.4.33205.214
MinimumVisualStudioVersion = 10.0.40219.1
Project("{8BC9CEB8-8B4A-11D0-8D11-00A0C91BC942}") = "denemeDersleri", "denemeDersleri\denemeDersleri.vcxproj", "{CA29CB4B-5C48-4FD3-9F0F-155F5B60F573}"
EndProject
Global
	GlobalSection(SolutionConfigurationPlatforms) = preSolution
		Debug|x64 = Debug|x64
		Debug|x86 = Debug|x86
		Release|x64 = Release|x64
		Release|x86 = Release|x86
	EndGlobalSection
	GlobalSection(ProjectConfigurationPlatforms) = postSolution
		{CA29CB4B-5C48-4FD3-9F0F-155F5B60F573}.Debug|x64.ActiveCfg = Debug|x64
		{CA29CB4B-5C48-4FD3-9F0F-155F5B60F573}.Debug|x64.Build.0 = Debug|x64
		{CA29CB4B-5C48-4FD3-9F0F-155F5B60F573}.Debug|x86.ActiveCfg = Debug|Win32
		{CA29CB4B-5C48-4FD3-9F0F-155F5B60F573}.Debug|x86.Build.0 = Debug|Win32
		{CA29CB4B-5C48-4FD3-9F0F-155F5B60F573}.Release|x64.ActiveCfg = Release|x64
		{CA29CB4B-5C48-4FD3-9F0F-155F5B60F573}.Release|x64.Build.0 = Release|x64
		{CA29CB4B-5C48-4FD3-9F0F-155F5B60F573}.Release|x86.ActiveCfg = Release|Win32
		{CA29CB4B-5C48-4FD3-9F0F-155F5B60F573}.Release|x86.Build.0 = Release|Win32
	EndGlobalSection
	GlobalSection(SolutionProperties) = preSolution
		HideSolutionNode = FALSE
	EndGlobalSection
	GlobalSection(ExtensibilityGlobals) = postSolution
		SolutionGuid = {3A3F7D51-1AD9-4AAA-ADD2-8BD540114382}
	EndGlobalSection
EndGlobal
